
Microsoft Visual Studio Solution File, Format Version 12.00
# Visual Studio 15
VisualStudioVersion = 15.0.27703.2026
MinimumVisualStudioVersion = 10.0.40219.1
Project("{FAE04EC0-301F-11D3-BF4B-00C04F79EFBC}") = "PTG Builder", "PTG Builder\PTG Builder.csproj", "{0102576C-12D7-4A44-87B3-C7287092BE3E}"
EndProject
Project("{FAE04EC0-301F-11D3-BF4B-00C04F79EFBC}") = "PTGTex", "PTGTex\PTGTex.csproj", "{9FDFAABC-D54D-48A9-B6C6-18C0708D895D}"
EndProject
Global
	GlobalSection(SolutionConfigurationPlatforms) = preSolution
		Debug|Any CPU = Debug|Any CPU
		Release|Any CPU = Release|Any CPU
	EndGlobalSection
	GlobalSection(ProjectConfigurationPlatforms) = postSolution
		{0102576C-12D7-4A44-87B3-C7287092BE3E}.Debug|Any CPU.ActiveCfg = Debug|Any CPU
		{0102576C-12D7-4A44-87B3-C7287092BE3E}.Debug|Any CPU.Build.0 = Debug|Any CPU
		{0102576C-12D7-4A44-87B3-C7287092BE3E}.Release|Any CPU.ActiveCfg = Release|Any CPU
		{0102576C-12D7-4A44-87B3-C7287092BE3E}.Release|Any CPU.Build.0 = Release|Any CPU
		{9FDFAABC-D54D-48A9-B6C6-18C0708D895D}.Debug|Any CPU.ActiveCfg = Debug|Any CPU
		{9FDFAABC-D54D-48A9-B6C6-18C0708D895D}.Debug|Any CPU.Build.0 = Debug|Any CPU
		{9FDFAABC-D54D-48A9-B6C6-18C0708D895D}.Release|Any CPU.ActiveCfg = Release|Any CPU
		{9FDFAABC-D54D-48A9-B6C6-18C0708D895D}.Release|Any CPU.Build.0 = Release|Any CPU
	EndGlobalSection
	GlobalSection(SolutionProperties) = preSolution
		HideSolutionNode = FALSE
	EndGlobalSection
	GlobalSection(ExtensibilityGlobals) = postSolution
		SolutionGuid = {D44E61EE-E2D4-4B30-8771-D7C511DDA7F3}
	EndGlobalSection
EndGlobal
